[root]
name = "jpeg_align_symbols"
version = "0.0.1"
dependencies = [
 "byteorder 0.3.0 (registry+https://github.com/rust-lang/crates.io-index)",
 "getopts 0.2.4 (registry+https://github.com/rust-lang/crates.io-index)",
]

[[package]]
name = "bswap"
version = "0.1.8"
source = "registry+https://github.com/rust-lang/crates.io-index"

[[package]]
name = "byteorder"
version = "0.3.0"
source = "registry+https://github.com/rust-lang/crates.io-index"
dependencies = [
 "bswap 0.1.8 (registry+https://github.com/rust-lang/crates.io-index)",
]

[[package]]
name = "getopts"
version = "0.2.4"
source = "registry+https://github.com/rust-lang/crates.io-index"
dependencies = [
 "log 0.2.5 (registry+https://github.com/rust-lang/crates.io-index)",
]

[[package]]
name = "log"
version = "0.2.5"
source = "registry+https://github.com/rust-lang/crates.io-index"

